
Microsoft Visual Studio Solution File, Format Version 12.00
# Visual Studio Version 17
VisualStudioVersion = 17.3.32804.467
MinimumVisualStudioVersion = 10.0.40219.1
Project("{FAE04EC0-301F-11D3-BF4B-00C04F79EFBC}") = "VariablesConstantsLiterals", "VariablesConstantsLiterals\VariablesConstantsLiterals.csproj", "{27A25825-50D8-4B27-B128-7795B00B18CA}"
EndProject
Project("{FAE04EC0-301F-11D3-BF4B-00C04F79EFBC}") = "MainDataTypes", "MainDataTypes\MainDataTypes.csproj", "{CC48829D-E2E3-4AAC-9490-921444B04071}"
EndProject
Project("{FAE04EC0-301F-11D3-BF4B-00C04F79EFBC}") = "Enumeration", "Enumeration\Enumeration.csproj", "{450B6F1A-53EB-47A8-880C-52593986B90E}"
EndProject
Project("{FAE04EC0-301F-11D3-BF4B-00C04F79EFBC}") = "ConsoleInputAndOutput", "ConsoleInputAndOutput\ConsoleInputAndOutput.csproj", "{31A99001-9E6D-4E9A-9D1C-2C7FF6A60936}"
EndProject
Global
	GlobalSection(SolutionConfigurationPlatforms) = preSolution
		Debug|Any CPU = Debug|Any CPU
		Release|Any CPU = Release|Any CPU
	EndGlobalSection
	GlobalSection(ProjectConfigurationPlatforms) = postSolution
		{27A25825-50D8-4B27-B128-7795B00B18CA}.Debug|Any CPU.ActiveCfg = Debug|Any CPU
		{27A25825-50D8-4B27-B128-7795B00B18CA}.Debug|Any CPU.Build.0 = Debug|Any CPU
		{27A25825-50D8-4B27-B128-7795B00B18CA}.Release|Any CPU.ActiveCfg = Release|Any CPU
		{27A25825-50D8-4B27-B128-7795B00B18CA}.Release|Any CPU.Build.0 = Release|Any CPU
		{CC48829D-E2E3-4AAC-9490-921444B04071}.Debug|Any CPU.ActiveCfg = Debug|Any CPU
		{CC48829D-E2E3-4AAC-9490-921444B04071}.Debug|Any CPU.Build.0 = Debug|Any CPU
		{CC48829D-E2E3-4AAC-9490-921444B04071}.Release|Any CPU.ActiveCfg = Release|Any CPU
		{CC48829D-E2E3-4AAC-9490-921444B04071}.Release|Any CPU.Build.0 = Release|Any CPU
		{450B6F1A-53EB-47A8-880C-52593986B90E}.Debug|Any CPU.ActiveCfg = Debug|Any CPU
		{450B6F1A-53EB-47A8-880C-52593986B90E}.Debug|Any CPU.Build.0 = Debug|Any CPU
		{450B6F1A-53EB-47A8-880C-52593986B90E}.Release|Any CPU.ActiveCfg = Release|Any CPU
		{450B6F1A-53EB-47A8-880C-52593986B90E}.Release|Any CPU.Build.0 = Release|Any CPU
		{31A99001-9E6D-4E9A-9D1C-2C7FF6A60936}.Debug|Any CPU.ActiveCfg = Debug|Any CPU
		{31A99001-9E6D-4E9A-9D1C-2C7FF6A60936}.Debug|Any CPU.Build.0 = Debug|Any CPU
		{31A99001-9E6D-4E9A-9D1C-2C7FF6A60936}.Release|Any CPU.ActiveCfg = Release|Any CPU
		{31A99001-9E6D-4E9A-9D1C-2C7FF6A60936}.Release|Any CPU.Build.0 = Release|Any CPU
	EndGlobalSection
	GlobalSection(SolutionProperties) = preSolution
		HideSolutionNode = FALSE
	EndGlobalSection
	GlobalSection(ExtensibilityGlobals) = postSolution
		SolutionGuid = {F1985FC3-626B-4F77-9EC6-4CCC0C9FF282}
	EndGlobalSection
EndGlobal
